// !$*UTF8*$!
{
	archiveVersion = 1;
	classes = {
	};
	objectVersion = 46;
	objects = {

/* Begin PBXBuildFile section */
		AB26FE8A1D445C52009EA30E /* AppDelegate.swift in Sources */ = {isa = PBXBuildFile; fileRef = AB26FE891D445C52009EA30E /* AppDelegate.swift */; };
		AB26FE8E1D445C52009EA30E /* Audio3DVisualizer.swift in Sources */ = {isa = PBXBuildFile; fileRef = AB26FE8D1D445C52009EA30E /* Audio3DVisualizer.swift */; };
		AB26FE911D445C52009EA30E /* Main.storyboard in Resources */ = {isa = PBXBuildFile; fileRef = AB26FE8F1D445C52009EA30E /* Main.storyboard */; };
		AB26FE931D445C52009EA30E /* Assets.xcassets in Resources */ = {isa = PBXBuildFile; fileRef = AB26FE921D445C52009EA30E /* Assets.xcassets */; };
		AB26FE961D445C52009EA30E /* LaunchScreen.storyboard in Resources */ = {isa = PBXBuildFile; fileRef = AB26FE941D445C52009EA30E /* LaunchScreen.storyboard */; };
		AB26FED61D445FFC009EA30E /* AudioToolbox.framework in Frameworks */ = {isa = PBXBuildFile; fileRef = AB26FED21D445FFC009EA30E /* AudioToolbox.framework */; };
		AB26FED71D445FFC009EA30E /* AVFoundation.framework in Frameworks */ = {isa = PBXBuildFile; fileRef = AB26FED31D445FFC009EA30E /* AVFoundation.framework */; };
		AB26FED81D445FFC009EA30E /* CoreMedia.framework in Frameworks */ = {isa = PBXBuildFile; fileRef = AB26FED41D445FFC009EA30E /* CoreMedia.framework */; };
		AB26FED91D445FFC009EA30E /* MediaPlayer.framework in Frameworks */ = {isa = PBXBuildFile; fileRef = AB26FED51D445FFC009EA30E /* MediaPlayer.framework */; };
		AB26FF141D446098009EA30E /* libSuperpoweredAudioIOS.a in Frameworks */ = {isa = PBXBuildFile; fileRef = AB26FEF91D446098009EA30E /* libSuperpoweredAudioIOS.a */; };
		AB26FF151D446098009EA30E /* SuperpoweredIOSAudioIO.mm in Sources */ = {isa = PBXBuildFile; fileRef = AB26FF0A1D446098009EA30E /* SuperpoweredIOSAudioIO.mm */; };
		AB26FF191D4460FA009EA30E /* Superpowered.mm in Sources */ = {isa = PBXBuildFile; fileRef = AB26FF171D4460FA009EA30E /* Superpowered.mm */; };
/* End PBXBuildFile section */

/* Begin PBXFileReference section */
		AB26FE861D445C52009EA30E /* Audio3DVisualizer.app */ = {isa = PBXFileReference; explicitFileType = wrapper.application; includeInIndex = 0; path = Audio3DVisualizer.app; sourceTree = BUILT_PRODUCTS_DIR; };
		AB26FE891D445C52009EA30E /* AppDelegate.swift */ = {isa = PBXFileReference; lastKnownFileType = sourcecode.swift; path = AppDelegate.swift; sourceTree = "<group>"; };
		AB26FE8D1D445C52009EA30E /* Audio3DVisualizer.swift */ = {isa = PBXFileReference; lastKnownFileType = sourcecode.swift; path = Audio3DVisualizer.swift; sourceTree = "<group>"; };
		AB26FE901D445C52009EA30E /* Base */ = {isa = PBXFileReference; lastKnownFileType = file.storyboard; name = Base; path = Base.lproj/Main.storyboard; sourceTree = "<group>"; };
		AB26FE921D445C52009EA30E /* Assets.xcassets */ = {isa = PBXFileReference; lastKnownFileType = folder.assetcatalog; path = Assets.xcassets; sourceTree = "<group>"; };
		AB26FE951D445C52009EA30E /* Base */ = {isa = PBXFileReference; lastKnownFileType = file.storyboard; name = Base; path = Base.lproj/LaunchScreen.storyboard; sourceTree = "<group>"; };
		AB26FE971D445C52009EA30E /* Info.plist */ = {isa = PBXFileReference; lastKnownFileType = text.plist.xml; path = Info.plist; sourceTree = "<group>"; };
		AB26FED21D445FFC009EA30E /* AudioToolbox.framework */ = {isa = PBXFileReference; lastKnownFileType = wrapper.framework; name = AudioToolbox.framework; path = System/Library/Frameworks/AudioToolbox.framework; sourceTree = SDKROOT; };
		AB26FED31D445FFC009EA30E /* AVFoundation.framework */ = {isa = PBXFileReference; lastKnownFileType = wrapper.framework; name = AVFoundation.framework; path = System/Library/Frameworks/AVFoundation.framework; sourceTree = SDKROOT; };
		AB26FED41D445FFC009EA30E /* CoreMedia.framework */ = {isa = PBXFileReference; lastKnownFileType = wrapper.framework; name = CoreMedia.framework; path = System/Library/Frameworks/CoreMedia.framework; sourceTree = SDKROOT; };
		AB26FED51D445FFC009EA30E /* MediaPlayer.framework */ = {isa = PBXFileReference; lastKnownFileType = wrapper.framework; name = MediaPlayer.framework; path = System/Library/Frameworks/MediaPlayer.framework; sourceTree = SDKROOT; };
		AB26FEF91D446098009EA30E /* libSuperpoweredAudioIOS.a */ = {isa = PBXFileReference; lastKnownFileType = archive.ar; path = libSuperpoweredAudioIOS.a; sourceTree = "<group>"; };
		AB26FEFA1D446098009EA30E /* Superpowered3BandEQ.h */ = {isa = PBXFileReference; fileEncoding = 4; lastKnownFileType = sourcecode.c.h; path = Superpowered3BandEQ.h; sourceTree = "<group>"; };
		AB26FEFB1D446098009EA30E /* SuperpoweredAdvancedAudioPlayer.h */ = {isa = PBXFileReference; fileEncoding = 4; lastKnownFileType = sourcecode.c.h; path = SuperpoweredAdvancedAudioPlayer.h; sourceTree = "<group>"; };
		AB26FEFC1D446098009EA30E /* SuperpoweredAnalyzer.h */ = {isa = PBXFileReference; fileEncoding = 4; lastKnownFileType = sourcecode.c.h; path = SuperpoweredAnalyzer.h; sourceTree = "<group>"; };
		AB26FEFD1D446098009EA30E /* SuperpoweredAudioBuffers.h */ = {isa = PBXFileReference; fileEncoding = 4; lastKnownFileType = sourcecode.c.h; path = SuperpoweredAudioBuffers.h; sourceTree = "<group>"; };
		AB26FEFE1D446098009EA30E /* SuperpoweredBandpassFilterbank.h */ = {isa = PBXFileReference; fileEncoding = 4; lastKnownFileType = sourcecode.c.h; path = SuperpoweredBandpassFilterbank.h; sourceTree = "<group>"; };
		AB26FEFF1D446098009EA30E /* SuperpoweredClipper.h */ = {isa = PBXFileReference; fileEncoding = 4; lastKnownFileType = sourcecode.c.h; path = SuperpoweredClipper.h; sourceTree = "<group>"; };
		AB26FF001D446098009EA30E /* SuperpoweredCompressor.h */ = {isa = PBXFileReference; fileEncoding = 4; lastKnownFileType = sourcecode.c.h; path = SuperpoweredCompressor.h; sourceTree = "<group>"; };
		AB26FF011D446098009EA30E /* SuperpoweredDecoder.h */ = {isa = PBXFileReference; fileEncoding = 4; lastKnownFileType = sourcecode.c.h; path = SuperpoweredDecoder.h; sourceTree = "<group>"; };
		AB26FF021D446098009EA30E /* SuperpoweredEcho.h */ = {isa = PBXFileReference; fileEncoding = 4; lastKnownFileType = sourcecode.c.h; path = SuperpoweredEcho.h; sourceTree = "<group>"; };
		AB26FF031D446098009EA30E /* SuperpoweredFFT.h */ = {isa = PBXFileReference; fileEncoding = 4; lastKnownFileType = sourcecode.c.h; path = SuperpoweredFFT.h; sourceTree = "<group>"; };
		AB26FF041D446098009EA30E /* SuperpoweredFilter.h */ = {isa = PBXFileReference; fileEncoding = 4; lastKnownFileType = sourcecode.c.h; path = SuperpoweredFilter.h; sourceTree = "<group>"; };
		AB26FF051D446098009EA30E /* SuperpoweredFlanger.h */ = {isa = PBXFileReference; fileEncoding = 4; lastKnownFileType = sourcecode.c.h; path = SuperpoweredFlanger.h; sourceTree = "<group>"; };
		AB26FF061D446098009EA30E /* SuperpoweredFrequencyDomain.h */ = {isa = PBXFileReference; fileEncoding = 4; lastKnownFileType = sourcecode.c.h; path = SuperpoweredFrequencyDomain.h; sourceTree = "<group>"; };
		AB26FF071D446098009EA30E /* SuperpoweredFX.h */ = {isa = PBXFileReference; fileEncoding = 4; lastKnownFileType = sourcecode.c.h; path = SuperpoweredFX.h; sourceTree = "<group>"; };
		AB26FF081D446098009EA30E /* SuperpoweredGate.h */ = {isa = PBXFileReference; fileEncoding = 4; lastKnownFileType = sourcecode.c.h; path = SuperpoweredGate.h; sourceTree = "<group>"; };
		AB26FF091D446098009EA30E /* SuperpoweredIOSAudioIO.h */ = {isa = PBXFileReference; fileEncoding = 4; lastKnownFileType = sourcecode.c.h; path = SuperpoweredIOSAudioIO.h; sourceTree = "<group>"; };
		AB26FF0A1D446098009EA30E /* SuperpoweredIOSAudioIO.mm */ = {isa = PBXFileReference; fileEncoding = 4; lastKnownFileType = sourcecode.cpp.objcpp; path = SuperpoweredIOSAudioIO.mm; sourceTree = "<group>"; };
		AB26FF0B1D446098009EA30E /* SuperpoweredLimiter.h */ = {isa = PBXFileReference; fileEncoding = 4; lastKnownFileType = sourcecode.c.h; path = SuperpoweredLimiter.h; sourceTree = "<group>"; };
		AB26FF0C1D446098009EA30E /* SuperpoweredMixer.h */ = {isa = PBXFileReference; fileEncoding = 4; lastKnownFileType = sourcecode.c.h; path = SuperpoweredMixer.h; sourceTree = "<group>"; };
		AB26FF0D1D446098009EA30E /* SuperpoweredRecorder.h */ = {isa = PBXFileReference; fileEncoding = 4; lastKnownFileType = sourcecode.c.h; path = SuperpoweredRecorder.h; sourceTree = "<group>"; };
		AB26FF0E1D446098009EA30E /* SuperpoweredResampler.h */ = {isa = PBXFileReference; fileEncoding = 4; lastKnownFileType = sourcecode.c.h; path = SuperpoweredResampler.h; sourceTree = "<group>"; };
		AB26FF0F1D446098009EA30E /* SuperpoweredReverb.h */ = {isa = PBXFileReference; fileEncoding = 4; lastKnownFileType = sourcecode.c.h; path = SuperpoweredReverb.h; sourceTree = "<group>"; };
		AB26FF101D446098009EA30E /* SuperpoweredRoll.h */ = {isa = PBXFileReference; fileEncoding = 4; lastKnownFileType = sourcecode.c.h; path = SuperpoweredRoll.h; sourceTree = "<group>"; };
		AB26FF111D446098009EA30E /* SuperpoweredSimple.h */ = {isa = PBXFileReference; fileEncoding = 4; lastKnownFileType = sourcecode.c.h; path = SuperpoweredSimple.h; sourceTree = "<group>"; };
		AB26FF121D446098009EA30E /* SuperpoweredTimeStretching.h */ = {isa = PBXFileReference; fileEncoding = 4; lastKnownFileType = sourcecode.c.h; path = SuperpoweredTimeStretching.h; sourceTree = "<group>"; };
		AB26FF131D446098009EA30E /* SuperpoweredWhoosh.h */ = {isa = PBXFileReference; fileEncoding = 4; lastKnownFileType = sourcecode.c.h; path = SuperpoweredWhoosh.h; sourceTree = "<group>"; };
		AB26FF171D4460FA009EA30E /* Superpowered.mm */ = {isa = PBXFileReference; fileEncoding = 4; lastKnownFileType = sourcecode.cpp.objcpp; path = Superpowered.mm; sourceTree = "<group>"; };
		ABEFDDF71D4465A300F99A41 /* Audio3DVisualizer-Bridging-Header.h */ = {isa = PBXFileReference; fileEncoding = 4; lastKnownFileType = sourcecode.c.h; path = "Audio3DVisualizer-Bridging-Header.h"; sourceTree = "<group>"; };
/* End PBXFileReference section */

/* Begin PBXFrameworksBuildPhase section */
		AB26FE831D445C52009EA30E /* Frameworks */ = {
			isa = PBXFrameworksBuildPhase;
			buildActionMask = 2147483647;
			files = (
				AB26FED61D445FFC009EA30E /* AudioToolbox.framework in Frameworks */,
				AB26FED71D445FFC009EA30E /* AVFoundation.framework in Frameworks */,
				AB26FED81D445FFC009EA30E /* CoreMedia.framework in Frameworks */,
				AB26FF141D446098009EA30E /* libSuperpoweredAudioIOS.a in Frameworks */,
				AB26FED91D445FFC009EA30E /* MediaPlayer.framework in Frameworks */,
			);
			runOnlyForDeploymentPostprocessing = 0;
		};
/* End PBXFrameworksBuildPhase section */

/* Begin PBXGroup section */
		AB26FE7D1D445C52009EA30E = {
			isa = PBXGroup;
			children = (
				AB26FE881D445C52009EA30E /* Audio3DVisualizer */,
				AB26FE871D445C52009EA30E /* Products */,
			);
			sourceTree = "<group>";
		};
		AB26FE871D445C52009EA30E /* Products */ = {
			isa = PBXGroup;
			children = (
				AB26FE861D445C52009EA30E /* Audio3DVisualizer.app */,
			);
			name = Products;
			sourceTree = "<group>";
		};
		AB26FE881D445C52009EA30E /* Audio3DVisualizer */ = {
			isa = PBXGroup;
			children = (
				ABEFDDF71D4465A300F99A41 /* Audio3DVisualizer-Bridging-Header.h */,
				AB26FF161D4460FA009EA30E /* Audio */,
				AB26FED11D445FCF009EA30E /* Frameworks */,
				AB26FE891D445C52009EA30E /* AppDelegate.swift */,
				AB26FE8D1D445C52009EA30E /* Audio3DVisualizer.swift */,
				AB26FE8F1D445C52009EA30E /* Main.storyboard */,
				AB26FE921D445C52009EA30E /* Assets.xcassets */,
				AB26FE941D445C52009EA30E /* LaunchScreen.storyboard */,
				AB26FE971D445C52009EA30E /* Info.plist */,
			);
			path = Audio3DVisualizer;
			sourceTree = "<group>";
		};
		AB26FED11D445FCF009EA30E /* Frameworks */ = {
			isa = PBXGroup;
			children = (
				AB26FEF81D446098009EA30E /* SuperPowered */,
				AB26FED21D445FFC009EA30E /* AudioToolbox.framework */,
				AB26FED31D445FFC009EA30E /* AVFoundation.framework */,
				AB26FED41D445FFC009EA30E /* CoreMedia.framework */,
				AB26FED51D445FFC009EA30E /* MediaPlayer.framework */,
			);
			path = Frameworks;
			sourceTree = "<group>";
		};
		AB26FEF81D446098009EA30E /* SuperPowered */ = {
			isa = PBXGroup;
			children = (
				AB26FEF91D446098009EA30E /* libSuperpoweredAudioIOS.a */,
				AB26FEFA1D446098009EA30E /* Superpowered3BandEQ.h */,
				AB26FEFB1D446098009EA30E /* SuperpoweredAdvancedAudioPlayer.h */,
				AB26FEFC1D446098009EA30E /* SuperpoweredAnalyzer.h */,
				AB26FEFD1D446098009EA30E /* SuperpoweredAudioBuffers.h */,
				AB26FEFE1D446098009EA30E /* SuperpoweredBandpassFilterbank.h */,
				AB26FEFF1D446098009EA30E /* SuperpoweredClipper.h */,
				AB26FF001D446098009EA30E /* SuperpoweredCompressor.h */,
				AB26FF011D446098009EA30E /* SuperpoweredDecoder.h */,
				AB26FF021D446098009EA30E /* SuperpoweredEcho.h */,
				AB26FF031D446098009EA30E /* SuperpoweredFFT.h */,
				AB26FF041D446098009EA30E /* SuperpoweredFilter.h */,
				AB26FF051D446098009EA30E /* SuperpoweredFlanger.h */,
				AB26FF061D446098009EA30E /* SuperpoweredFrequencyDomain.h */,
				AB26FF071D446098009EA30E /* SuperpoweredFX.h */,
				AB26FF081D446098009EA30E /* SuperpoweredGate.h */,
				AB26FF091D446098009EA30E /* SuperpoweredIOSAudioIO.h */,
				AB26FF0A1D446098009EA30E /* SuperpoweredIOSAudioIO.mm */,
				AB26FF0B1D446098009EA30E /* SuperpoweredLimiter.h */,
				AB26FF0C1D446098009EA30E /* SuperpoweredMixer.h */,
				AB26FF0D1D446098009EA30E /* SuperpoweredRecorder.h */,
				AB26FF0E1D446098009EA30E /* SuperpoweredResampler.h */,
				AB26FF0F1D446098009EA30E /* SuperpoweredReverb.h */,
				AB26FF101D446098009EA30E /* SuperpoweredRoll.h */,
				AB26FF111D446098009EA30E /* SuperpoweredSimple.h */,
				AB26FF121D446098009EA30E /* SuperpoweredTimeStretching.h */,
				AB26FF131D446098009EA30E /* SuperpoweredWhoosh.h */,
			);
			path = SuperPowered;
			sourceTree = "<group>";
		};
		AB26FF161D4460FA009EA30E /* Audio */ = {
			isa = PBXGroup;
			children = (
				AB26FF171D4460FA009EA30E /* Superpowered.mm */,
			);
			path = Audio;
			sourceTree = "<group>";
		};
/* End PBXGroup section */

/* Begin PBXNativeTarget section */
		AB26FE851D445C52009EA30E /* Audio3DVisualizer */ = {
			isa = PBXNativeTarget;
			buildConfigurationList = AB26FE9A1D445C52009EA30E /* Build configuration list for PBXNativeTarget "Audio3DVisualizer" */;
			buildPhases = (
				AB26FE821D445C52009EA30E /* Sources */,
				AB26FE831D445C52009EA30E /* Frameworks */,
				AB26FE841D445C52009EA30E /* Resources */,
			);
			buildRules = (
			);
			dependencies = (
			);
			name = Audio3DVisualizer;
			productName = Audio3DVisualizer;
			productReference = AB26FE861D445C52009EA30E /* Audio3DVisualizer.app */;
			productType = "com.apple.product-type.application";
		};
/* End PBXNativeTarget section */

/* Begin PBXProject section */
		AB26FE7E1D445C52009EA30E /* Project object */ = {
			isa = PBXProject;
			attributes = {
				LastSwiftUpdateCheck = 0730;
				LastUpgradeCheck = 0800;
				ORGANIZATIONNAME = "Jonathan Ritchey";
				TargetAttributes = {
					AB26FE851D445C52009EA30E = {
						CreatedOnToolsVersion = 7.3.1;
						DevelopmentTeam = HGE6ZKLW3Q;
						LastSwiftMigration = 0800;
					};
				};
			};
			buildConfigurationList = AB26FE811D445C52009EA30E /* Build configuration list for PBXProject "Audio3DVisualizer" */;
			compatibilityVersion = "Xcode 3.2";
			developmentRegion = English;
			hasScannedForEncodings = 0;
			knownRegions = (
				en,
				Base,
			);
			mainGroup = AB26FE7D1D445C52009EA30E;
			productRefGroup = AB26FE871D445C52009EA30E /* Products */;
			projectDirPath = "";
			projectRoot = "";
			targets = (
				AB26FE851D445C52009EA30E /* Audio3DVisualizer */,
			);
		};
/* End PBXProject section */

/* Begin PBXResourcesBuildPhase section */
		AB26FE841D445C52009EA30E /* Resources */ = {
			isa = PBXResourcesBuildPhase;
			buildActionMask = 2147483647;
			files = (
				AB26FE961D445C52009EA30E /* LaunchScreen.storyboard in Resources */,
				AB26FE931D445C52009EA30E /* Assets.xcassets in Resources */,
				AB26FE911D445C52009EA30E /* Main.storyboard in Resources */,
			);
			runOnlyForDeploymentPostprocessing = 0;
		};
/* End PBXResourcesBuildPhase section */

/* Begin PBXSourcesBuildPhase section */
		AB26FE821D445C52009EA30E /* Sources */ = {
			isa = PBXSourcesBuildPhase;
			buildActionMask = 2147483647;
			files = (
				AB26FF191D4460FA009EA30E /* Superpowered.mm in Sources */,
				AB26FE8E1D445C52009EA30E /* Audio3DVisualizer.swift in Sources */,
				AB26FF151D446098009EA30E /* SuperpoweredIOSAudioIO.mm in Sources */,
				AB26FE8A1D445C52009EA30E /* AppDelegate.swift in Sources */,
			);
			runOnlyForDeploymentPostprocessing = 0;
		};
/* End PBXSourcesBuildPhase section */

/* Begin PBXVariantGroup section */
		AB26FE8F1D445C52009EA30E /* Main.storyboard */ = {
			isa = PBXVariantGroup;
			children = (
				AB26FE901D445C52009EA30E /* Base */,
			);
			name = Main.storyboard;
			sourceTree = "<group>";
		};
		AB26FE941D445C52009EA30E /* LaunchScreen.storyboard */ = {
			isa = PBXVariantGroup;
			children = (
				AB26FE951D445C52009EA30E /* Base */,
			);
			name = LaunchScreen.storyboard;
			sourceTree = "<group>";
		};
/* End PBXVariantGroup section */

/* Begin XCBuildConfiguration section */
		AB26FE981D445C52009EA30E /* Debug */ = {
			isa = XCBuildConfiguration;
			buildSettings = {
				ALWAYS_SEARCH_USER_PATHS = NO;
				CLANG_ANALYZER_NONNULL = YES;
				CLANG_CXX_LANGUAGE_STANDARD = "gnu++0x";
				CLANG_CXX_LIBRARY = "libc++";
				CLANG_ENABLE_MODULES = YES;
				CLANG_ENABLE_OBJC_ARC = YES;
				CLANG_WARN_BOOL_CONVERSION = YES;
				CLANG_WARN_CONSTANT_CONVERSION = YES;
				CLANG_WARN_DIRECT_OBJC_ISA_USAGE = YES_ERROR;
				CLANG_WARN_EMPTY_BODY = YES;
				CLANG_WARN_ENUM_CONVERSION = YES;
				CLANG_WARN_INFINITE_RECURSION = YES;
				CLANG_WARN_INT_CONVERSION = YES;
				CLANG_WARN_OBJC_ROOT_CLASS = YES_ERROR;
				CLANG_WARN_SUSPICIOUS_MOVE = YES;
				CLANG_WARN_UNREACHABLE_CODE = YES;
				CLANG_WARN__DUPLICATE_METHOD_MATCH = YES;
				CODE_SIGN_IDENTITY = "";
				"CODE_SIGN_IDENTITY[sdk=iphoneos*]" = "iPhone Developer";
				COPY_PHASE_STRIP = NO;
				DEBUG_INFORMATION_FORMAT = "dwarf-with-dsym";
				ENABLE_STRICT_OBJC_MSGSEND = YES;
				ENABLE_TESTABILITY = YES;
				GCC_C_LANGUAGE_STANDARD = gnu99;
				GCC_DYNAMIC_NO_PIC = NO;
				GCC_NO_COMMON_BLOCKS = YES;
				GCC_OPTIMIZATION_LEVEL = 0;
				GCC_PREPROCESSOR_DEFINITIONS = (
					"DEBUG=1",
					"$(inherited)",
				);
				GCC_WARN_64_TO_32_BIT_CONVERSION = YES;
				GCC_WARN_ABOUT_RETURN_TYPE = YES_ERROR;
				GCC_WARN_UNDECLARED_SELECTOR = YES;
				GCC_WARN_UNINITIALIZED_AUTOS = YES_AGGRESSIVE;
				GCC_WARN_UNUSED_FUNCTION = YES;
				GCC_WARN_UNUSED_VARIABLE = YES;
				IPHONEOS_DEPLOYMENT_TARGET = 9.3;
				MTL_ENABLE_DEBUG_INFO = YES;
				ONLY_ACTIVE_ARCH = YES;
				PROVISIONING_PROFILE = "";
				SDKROOT = iphoneos;
				SWIFT_OPTIMIZATION_LEVEL = "-Onone";
				TARGETED_DEVICE_FAMILY = "1,2";
			};
			name = Debug;
		};
		AB26FE991D445C52009EA30E /* Release */ = {
			isa = XCBuildConfiguration;
			buildSettings = {
				ALWAYS_SEARCH_USER_PATHS = NO;
				CLANG_ANALYZER_NONNULL = YES;
				CLANG_CXX_LANGUAGE_STANDARD = "gnu++0x";
				CLANG_CXX_LIBRARY = "libc++";
				CLANG_ENABLE_MODULES = YES;
				CLANG_ENABLE_OBJC_ARC = YES;
				CLANG_WARN_BOOL_CONVERSION = YES;
				CLANG_WARN_CONSTANT_CONVERSION = YES;
				CLANG_WARN_DIRECT_OBJC_ISA_USAGE = YES_ERROR;
				CLANG_WARN_EMPTY_BODY = YES;
				CLANG_WARN_ENUM_CONVERSION = YES;
				CLANG_WARN_INFINITE_RECURSION = YES;
				CLANG_WARN_INT_CONVERSION = YES;
				CLANG_WARN_OBJC_ROOT_CLASS = YES_ERROR;
				CLANG_WARN_SUSPICIOUS_MOVE = YES;
				CLANG_WARN_UNREACHABLE_CODE = YES;
				CLANG_WARN__DUPLICATE_METHOD_MATCH = YES;
				CODE_SIGN_IDENTITY = "";
				"CODE_SIGN_IDENTITY[sdk=iphoneos*]" = "iPhone Developer";
				COPY_PHASE_STRIP = NO;
				DEBUG_INFORMATION_FORMAT = "dwarf-with-dsym";
				ENABLE_NS_ASSERTIONS = NO;
				ENABLE_STRICT_OBJC_MSGSEND = YES;
				GCC_C_LANGUAGE_STANDARD = gnu99;
				GCC_NO_COMMON_BLOCKS = YES;
				GCC_WARN_64_TO_32_BIT_CONVERSION = YES;
				GCC_WARN_ABOUT_RETURN_TYPE = YES_ERROR;
				GCC_WARN_UNDECLARED_SELECTOR = YES;
				GCC_WARN_UNINITIALIZED_AUTOS = YES_AGGRESSIVE;
				GCC_WARN_UNUSED_FUNCTION = YES;
				GCC_WARN_UNUSED_VARIABLE = YES;
				IPHONEOS_DEPLOYMENT_TARGET = 9.3;
				MTL_ENABLE_DEBUG_INFO = NO;
				PROVISIONING_PROFILE = "";
				SDKROOT = iphoneos;
				SWIFT_OPTIMIZATION_LEVEL = "-Owholemodule";
				TARGETED_DEVICE_FAMILY = "1,2";
				VALIDATE_PRODUCT = YES;
			};
			name = Release;
		};
		AB26FE9B1D445C52009EA30E /* Debug */ = {
			isa = XCBuildConfiguration;
			buildSettings = {
				ASSETCATALOG_COMPILER_APPICON_NAME = AppIcon;
				CODE_SIGN_IDENTITY = "iPhone Developer";
				"CODE_SIGN_IDENTITY[sdk=iphoneos*]" = "iPhone Developer";
				INFOPLIST_FILE = Audio3DVisualizer/Info.plist;
				LD_RUNPATH_SEARCH_PATHS = "$(inherited) @executable_path/Frameworks";
				LIBRARY_SEARCH_PATHS = (
					"$(inherited)",
					"$(PROJECT_DIR)/Audio3DVisualizer/Frameworks/SuperPowered",
				);
				PRODUCT_BUNDLE_IDENTIFIER = com.jonathanritchey.Audio3DVisualizer;
				PRODUCT_NAME = "$(TARGET_NAME)";
				PROVISIONING_PROFILE = "";
				SWIFT_OBJC_BRIDGING_HEADER = "Audio3DVisualizer/Audio3DVisualizer-Bridging-Header.h";
				SWIFT_VERSION = 3.0;
			};
			name = Debug;
		};
		AB26FE9C1D445C52009EA30E /* Release */ = {
			isa = XCBuildConfiguration;
			buildSettings = {
				ASSETCATALOG_COMPILER_APPICON_NAME = AppIcon;
				CODE_SIGN_IDENTITY = "iPhone Developer";
				"CODE_SIGN_IDENTITY[sdk=iphoneos*]" = "iPhone Developer";
				INFOPLIST_FILE = Audio3DVisualizer/Info.plist;
				LD_RUNPATH_SEARCH_PATHS = "$(inherited) @executable_path/Frameworks";
				LIBRARY_SEARCH_PATHS = (
					"$(inherited)",
					"$(PROJECT_DIR)/Audio3DVisualizer/Frameworks/SuperPowered",
				);
				PRODUCT_BUNDLE_IDENTIFIER = com.jonathanritchey.Audio3DVisualizer;
				PRODUCT_NAME = "$(TARGET_NAME)";
				PROVISIONING_PROFILE = "";
				SWIFT_OBJC_BRIDGING_HEADER = "Audio3DVisualizer/Audio3DVisualizer-Bridging-Header.h";
				SWIFT_VERSION = 3.0;
			};
			name = Release;
		};
/* End XCBuildConfiguration section */

/* Begin XCConfigurationList section */
		AB26FE811D445C52009EA30E /* Build configuration list for PBXProject "Audio3DVisualizer" */ = {
			isa = XCConfigurationList;
			buildConfigurations = (
				AB26FE981D445C52009EA30E /* Debug */,
				AB26FE991D445C52009EA30E /* Release */,
			);
			defaultConfigurationIsVisible = 0;
			defaultConfigurationName = Release;
		};
		AB26FE9A1D445C52009EA30E /* Build configuration list for PBXNativeTarget "Audio3DVisualizer" */ = {
			isa = XCConfigurationList;
			buildConfigurations = (
				AB26FE9B1D445C52009EA30E /* Debug */,
				AB26FE9C1D445C52009EA30E /* Release */,
			);
			defaultConfigurationIsVisible = 0;
			defaultConfigurationName = Release;
		};
/* End XCConfigurationList section */
	};
	rootObject = AB26FE7E1D445C52009EA30E /* Project object */;
}
